
Microsoft Visual Studio Solution File, Format Version 12.00
# Visual Studio Version 17
VisualStudioVersion = 17.9.34616.47
MinimumVisualStudioVersion = 10.0.40219.1
Project("{FAE04EC0-301F-11D3-BF4B-00C04F79EFBC}") = "Website", "Website\Website.csproj", "{912E8212-936F-4211-9996-2BAA295F63CD}"
EndProject
Global
	GlobalSection(SolutionConfigurationPlatforms) = preSolution
		Debug|Any CPU = Debug|Any CPU
		Release|Any CPU = Release|Any CPU
	EndGlobalSection
	GlobalSection(ProjectConfigurationPlatforms) = postSolution
		{912E8212-936F-4211-9996-2BAA295F63CD}.Debug|Any CPU.ActiveCfg = Debug|Any CPU
		{912E8212-936F-4211-9996-2BAA295F63CD}.Debug|Any CPU.Build.0 = Debug|Any CPU
		{912E8212-936F-4211-9996-2BAA295F63CD}.Release|Any CPU.ActiveCfg = Release|Any CPU
		{912E8212-936F-4211-9996-2BAA295F63CD}.Release|Any CPU.Build.0 = Release|Any CPU
	EndGlobalSection
	GlobalSection(SolutionProperties) = preSolution
		HideSolutionNode = FALSE
	EndGlobalSection
	GlobalSection(ExtensibilityGlobals) = postSolution
		SolutionGuid = {E955560D-24C6-4639-B3D9-6DC1F5BACF5E}
	EndGlobalSection
EndGlobal
